github.com/andybalholm/brotli v1.0.0 h1:7UCwP93aiSfvWpapti8g88vVVGp2qqtGyePsSuDafo4=
github.com/andybalholm/brotli v1.0.0/go.mod h1:loMXtMfwqflxFJPmdbJO0a3KNoPuLBgiu3qAvBg8x/Y=
github.com/maoxs2/go-aead-iostream v0.0.0-20200530085108-b119dc15cecf h1:qpo1S02qu5TAQpLtZMQCCGylyRqwn2mO1vF9PzaGgjE=
github.com/maoxs2/go-aead-iostream v0.0.0-20200530085108-b119dc15cecf/go.mod h1:3G9/se/VKc9spV3x4vmKEAbxz5sI1aHwaihLlqibiiM=
